schema_version: 1
image: ghcr.io/dattalab/moseq2-test-legacy-worker
digest: sha256:a500da25b5904a264be0d98223270189a7398aefaad97b78fa5a6d94fc20ddca
platform: linux/amd64
source_commit: 0d9a4ee70bb2b25a5bccd5f6b4fdb8d962ae0512
source_tree: 739dc49f8cd69f3eac2652f7b361131dea310420
publication:
  tag: sha-0d9a4ee70bb2b25a5bccd5f6b4fdb8d962ae0512
  workflow_run_id: 30855413497
  workflow_url: https://github.com/dattalab/moseq2-test/actions/runs/30855413497
  artifact_name: legacy-worker-publication-0d9a4ee70bb2b25a5bccd5f6b4fdb8d962ae0512
  visibility: public
  anonymous_access_verified_at: "2026-08-03T21:55:19Z"
  anonymous_registry_digest: sha256:a500da25b5904a264be0d98223270189a7398aefaad97b78fa5a6d94fc20ddca
certification:
  id: 20260803T214441Z-cert-478f88d6
  status: accepted
  requirements_passed: 25
  requirements_total: 25
  wall_seconds: 298.700250226
  peak_controller_tree_rss_bytes: 3730481152
  peak_workspace_bytes: 460307325
  downloaded_object_bytes: 616901159
evidence:
  context_manifest_sha256: 0c4c3f8f2a206b5b551860eb7e8d37eb9c327e0f139aac1f8498d779ea35bd80
  sbom_spdx_json_sha256: d955f57cb9dbf787a7a7d2f573dfbaebb9b78b8d4886cdf03b534a458f1f786b
  grype_json_sha256: f65e71bdc4f71df44ad955d69516b27e874ac8e91634a07ecca4d917bb7a1f40
  certification_json_sha256: cd104dbdfdd496eb6a3053d5d120e8b6337bc1ff4d1e246acc65e7c6ff41683b
attestation:
  predicate_type: https://slsa.dev/provenance/v1
  subject_digest: sha256:a500da25b5904a264be0d98223270189a7398aefaad97b78fa5a6d94fc20ddca
  workflow_source_commit: 0d9a4ee70bb2b25a5bccd5f6b4fdb8d962ae0512
  runner_environment: github-hosted
  transparency_log: https://rekor.sigstore.dev
  verified_at: "2026-08-03T21:55:19Z"
