schema_version: 1
lock_id: moseq2-legacy-conda-linux-64-v1
platform: linux-64
source: captured Chunk 0 conda explicit export
packages:
- url: https://conda.anaconda.org/conda-forge/noarch/ca-certificates-2026.4.22-hbd8a1cb_0.conda
  filename: ca-certificates-2026.4.22-hbd8a1cb_0.conda
  size: 131039
  sha256: c9dbcc8039a52023660d6d1bbf87594a93dd69c6ac5a2a44323af2c92976728d
  md5: e18ad67cf881dcadee8b8d9e2f8e5f73
- url: https://conda.anaconda.org/conda-forge/linux-64/ld_impl_linux-64-2.45.1-bootstrap_ha15bf96_2.conda
  filename: ld_impl_linux-64-2.45.1-bootstrap_ha15bf96_2.conda
  size: 730756
  sha256: ffc8fb61b32f421687a35b1b6bdd7e73278da0ea1a0d616b624eb3760ed21742
  md5: bafc61899c34054d1f5e7cd85a2f81e9
- url: https://conda.anaconda.org/conda-forge/linux-64/libgomp-15.2.0-he0feb66_19.conda
  filename: libgomp-15.2.0-he0feb66_19.conda
  size: 603817
  sha256: 5abe4ab9d93f6c9757d654f1969ae2267d4505315c1f2f8fe705fd60af084f1b
  md5: faac990cb7aedc7f3a2224f2c9b0c26c
- url: https://conda.anaconda.org/conda-forge/linux-64/python_abi-3.7-4_cp37m.conda
  filename: python_abi-3.7-4_cp37m.conda
  size: 6388
  sha256: 41e24c44ace2f1c1e72995deb7feb00d537eb2327d8d3fea35e5042015e4dcab
  md5: d5fa71a1bac31ad985348ffff6b399c4
- url: https://conda.anaconda.org/conda-forge/linux-64/_openmp_mutex-4.5-20_gnu.conda
  filename: _openmp_mutex-4.5-20_gnu.conda
  size: 28948
  sha256: 1dd3fffd892081df9726d7eb7e0dea6198962ba775bd88842135a4ddb4deb3c9
  md5: a9f577daf3de00bca7c3c76c0ecbd1de
- url: https://conda.anaconda.org/conda-forge/linux-64/libgcc-15.2.0-he0feb66_19.conda
  filename: libgcc-15.2.0-he0feb66_19.conda
  size: 1041084
  sha256: 8e0a3b5e41272e5678499b5dfc4cddb673f9e935de01eb0767ce857001229f46
  md5: 57736f29cc2b0ec0b6c2952d3f101b6a
- url: https://conda.anaconda.org/conda-forge/linux-64/bzip2-1.0.8-hda65f42_9.conda
  filename: bzip2-1.0.8-hda65f42_9.conda
  size: 260182
  sha256: 0b75d45f0bba3e95dc693336fa51f40ea28c980131fec438afb7ce6118ed05f6
  md5: d2ffd7602c02f2b316fd921d39876885
- url: https://conda.anaconda.org/conda-forge/linux-64/libffi-3.4.6-h2dba641_1.conda
  filename: libffi-3.4.6-h2dba641_1.conda
  size: 57433
  sha256: 764432d32db45466e87f10621db5b74363a9f847d2b8b1f9743746cd160f06ab
  md5: ede4673863426c0883c0063d853bbd85
- url: https://conda.anaconda.org/conda-forge/linux-64/libgcc-ng-15.2.0-h69a702a_19.conda
  filename: libgcc-ng-15.2.0-h69a702a_19.conda
  size: 27694
  sha256: 9dcf54adfaa5e861123c2da4f2f0451a685464ea7e5a41ad91cf67b31d658d98
  md5: 331ee9b72b9dff570d56b1302c5ab37d
- url: https://conda.anaconda.org/conda-forge/linux-64/libgfortran5-15.2.0-h68bc16d_19.conda
  filename: libgfortran5-15.2.0-h68bc16d_19.conda
  size: 2483673
  sha256: 057978bb69fea29ed715a9b98adf71015c31baecc4aeb2bfc20d4fd5d83579d4
  md5: 85072b0ad177c966294f129b7c04a2d5
- url: https://conda.anaconda.org/conda-forge/linux-64/libiconv-1.18-h3b78370_2.conda
  filename: libiconv-1.18-h3b78370_2.conda
  size: 790176
  sha256: c467851a7312765447155e071752d7bf9bf44d610a5687e32706f480aad2833f
  md5: 915f5995e94f60e9a4826e0b0920ee88
- url: https://conda.anaconda.org/conda-forge/linux-64/liblzma-5.8.3-hb03c661_0.conda
  filename: liblzma-5.8.3-hb03c661_0.conda
  size: 113478
  sha256: ec30e52a3c1bf7d0425380a189d209a52baa03f22fb66dd3eb587acaa765bd6d
  md5: b88d90cad08e6bc8ad540cb310a761fb
- url: https://conda.anaconda.org/conda-forge/linux-64/libnsl-2.0.1-hb9d3cd8_1.conda
  filename: libnsl-2.0.1-hb9d3cd8_1.conda
  size: 33731
  sha256: 927fe72b054277cde6cb82597d0fcf6baf127dcbce2e0a9d8925a68f1265eef5
  md5: d864d34357c3b65a4b731f78c0801dc4
- url: https://conda.anaconda.org/conda-forge/linux-64/libstdcxx-15.2.0-h934c35e_19.conda
  filename: libstdcxx-15.2.0-h934c35e_19.conda
  size: 5852044
  sha256: dff1058c76ec6b8759e41cefa2508162d00e4a5e6721aa68ec3fd10094e702dc
  md5: 5794b3bdc38177caf969dabd3af08549
- url: https://conda.anaconda.org/conda-forge/linux-64/ncurses-6.6-hdb14827_0.conda
  filename: ncurses-6.6-hdb14827_0.conda
  size: 918956
  sha256: fc89f74bbe362fb29fa3c037697a89bec140b346a2469a90f7936d1d7ea4d8a3
  md5: fc21868a1a5aacc937e7a18747acb8a5
- url: https://conda.anaconda.org/conda-forge/linux-64/openssl-3.6.2-h35e630c_0.conda
  filename: openssl-3.6.2-h35e630c_0.conda
  size: 3167099
  sha256: c0ef482280e38c71a08ad6d71448194b719630345b0c9c60744a2010e8a8e0cb
  md5: da1b85b6a87e141f5140bb9924cecab0
- url: https://conda.anaconda.org/conda-forge/linux-64/lame-3.100-h166bdaf_1003.tar.bz2
  filename: lame-3.100-h166bdaf_1003.tar.bz2
  size: 508258
  sha256: aad2a703b9d7b038c0f745b853c6bb5f122988fe1a7a096e0e606d9cbec4eaab
  md5: a8832b479f93521a9e7b5b743803be51
- url: https://conda.anaconda.org/conda-forge/linux-64/libgfortran-15.2.0-h69a702a_19.conda
  filename: libgfortran-15.2.0-h69a702a_19.conda
  size: 27655
  sha256: 561a42758ef25b9ce308c4e2cf56daee4f06138385a17e29a492cd928e00be6f
  md5: 42bf7eca1a951735fa06c0e3c0d5c8e6
- url: https://conda.anaconda.org/conda-forge/linux-64/liblzma-devel-5.8.3-hb03c661_0.conda
  filename: liblzma-devel-5.8.3-hb03c661_0.conda
  size: 491429
  sha256: 7858f6a173206bc8a5bdc8e75690483bb66c0dcc3809ac1cb43c561a4723623a
  md5: 55c20edec8e90c4703787acaade60808
- url: https://conda.anaconda.org/conda-forge/linux-64/libstdcxx-ng-15.2.0-hdf11a46_19.conda
  filename: libstdcxx-ng-15.2.0-hdf11a46_19.conda
  size: 27776
  sha256: 0672b6b6e1791c92e8eccad58081a99d614fcf82bca5841f9dfa3c3e658f83b9
  md5: e5ce228e579726c07255dbf90dc62101
- url: https://conda.anaconda.org/conda-forge/linux-64/libzlib-1.2.13-h4ab18f5_6.conda
  filename: libzlib-1.2.13-h4ab18f5_6.conda
  size: 61571
  sha256: 8ced4afed6322172182af503f21725d072a589a6eb918f8a58135c1e00d35980
  md5: 27329162c0dc732bcf67a4e0cd488125
- url: https://conda.anaconda.org/conda-forge/linux-64/nettle-3.6-he412f7d_0.tar.bz2
  filename: nettle-3.6-he412f7d_0.tar.bz2
  size: 6773272
  sha256: d929f0c53f2bb74c8e3d97dc1c53cc76b7cec97837fcf87998fa3dd447f03b36
  md5: f050099af540c1c960c813b06bca89ad
- url: https://conda.anaconda.org/conda-forge/linux-64/readline-8.3-h853b02a_0.conda
  filename: readline-8.3-h853b02a_0.conda
  size: 345073
  sha256: 12ffde5a6f958e285aa22c191ca01bbd3d6e710aa852e00618fa6ddc59149002
  md5: d7d95fc8287ea7bf33e0e7116d2b95ec
- url: https://conda.anaconda.org/conda-forge/linux-64/x264-1!152.20180806-h14c3975_0.tar.bz2
  filename: x264-1!152.20180806-h14c3975_0.tar.bz2
  size: 1467845
  sha256: 7f254a50ee3ad4c3c81f7e7ea08feb5b8b7feb8dd0c9036975fa579d764935a5
  md5: f4365d2eb19de16f14f864284a6dcff9
- url: https://conda.anaconda.org/conda-forge/linux-64/xz-gpl-tools-5.8.3-ha02ee65_0.conda
  filename: xz-gpl-tools-5.8.3-ha02ee65_0.conda
  size: 34213
  sha256: 8f139666ea18dc8340a44a54056627dd4e89e242e8cd136ab2467d6dc2c192ba
  md5: 8f5e2c6726c1339287a3c76a2c138ac7
- url: https://conda.anaconda.org/conda-forge/linux-64/xz-tools-5.8.3-hb03c661_0.conda
  filename: xz-tools-5.8.3-hb03c661_0.conda
  size: 95955
  sha256: 162ebd76803464b8c8ebc7d45df32edf0ec717b3bf369a437ae3b0254f22dc2e
  md5: b62b615caa60812640f24db3a8d0fc87
- url: https://conda.anaconda.org/conda-forge/linux-64/gmp-6.3.0-hac33072_2.conda
  filename: gmp-6.3.0-hac33072_2.conda
  size: 460055
  sha256: 309cf4f04fec0c31b6771a5809a1909b4b3154a2208f52351e1ada006f4c750c
  md5: c94a5994ef49749880a8139cf9afcbe1
- url: https://conda.anaconda.org/conda-forge/linux-64/gnutls-3.6.13-h85f3911_1.tar.bz2
  filename: gnutls-3.6.13-h85f3911_1.tar.bz2
  size: 2096527
  sha256: 6c9307f0fedce2c4d060bba9ac888b300bc0912effab423d67b8e1b661a93305
  md5: 7d1b6fff16c1431d96cb4934938799fd
- url: https://conda.anaconda.org/conda-forge/linux-64/libllvm11-11.1.0-he0ac6c6_5.tar.bz2
  filename: libllvm11-11.1.0-he0ac6c6_5.tar.bz2
  size: 30190183
  sha256: fe02eb90fb3c9a2eb57c0b653d7630f7df72ee8b3093b0c3d1c34296e4e01134
  md5: cae79c6fd61cc6823cbebdbb2c16c60e
- url: https://conda.anaconda.org/conda-forge/linux-64/libopenblas-0.3.33-pthreads_h94d23a6_0.conda
  filename: libopenblas-0.3.33-pthreads_h94d23a6_0.conda
  size: 5931919
  sha256: 3d9aa85648e5e18a6d66db98b8c4317cc426721ad7a220aa86330d1ccedc8903
  md5: 2d3278b721e40468295ca755c3b84070
- url: https://conda.anaconda.org/conda-forge/linux-64/libpng-1.6.43-h2797004_0.conda
  filename: libpng-1.6.43-h2797004_0.conda
  size: 288221
  sha256: 502f6ff148ac2777cc55ae4ade01a8fc3543b4ffab25c4e0eaa15f94e90dd997
  md5: 009981dd9cfcaa4dbfa25ffaed86bcae
- url: https://conda.anaconda.org/conda-forge/linux-64/libsqlite-3.46.0-hde9e2c9_0.conda
  filename: libsqlite-3.46.0-hde9e2c9_0.conda
  size: 865346
  sha256: daee3f68786231dad457d0dfde3f7f1f9a7f2018adabdbb864226775101341a8
  md5: 18aa975d2094c34aef978060ae7da7d8
- url: https://conda.anaconda.org/conda-forge/linux-64/tk-8.6.13-noxft_h4845f30_101.conda
  filename: tk-8.6.13-noxft_h4845f30_101.conda
  size: 3318875
  sha256: e0569c9caa68bf476bead1bed3d79650bb080b532c64a4af7d8ca286c08dea4e
  md5: d453b98d9c83e71da0741bb0ff4d76bc
- url: https://conda.anaconda.org/conda-forge/linux-64/xz-5.8.3-ha02ee65_0.conda
  filename: xz-5.8.3-ha02ee65_0.conda
  size: 24360
  sha256: 2553fd3ec0a1020b2ca05ca10b0036a596cb0d4bf3645922fcf69dacce0e6679
  md5: 6a1b6af49a334e4e06b9f103367762bf
- url: https://conda.anaconda.org/conda-forge/linux-64/zlib-1.2.13-h4ab18f5_6.conda
  filename: zlib-1.2.13-h4ab18f5_6.conda
  size: 92883
  sha256: 534824ea44939f3e59ca8ebb95e3ece6f50f9d2a0e69999fbc692311252ed6ac
  md5: 559d338a4234c2ad6e676f460a093e67
- url: https://conda.anaconda.org/conda-forge/linux-64/freetype-2.12.1-h267a509_2.conda
  filename: freetype-2.12.1-h267a509_2.conda
  size: 634972
  sha256: b2e3c449ec9d907dd4656cb0dc93e140f447175b125a3824b31368b06c666bb6
  md5: 9ae35c3d96db2c94ce0cef86efdfa2cb
- url: https://conda.anaconda.org/conda-forge/linux-64/libblas-3.11.0-7_h4a7cf45_openblas.conda
  filename: libblas-3.11.0-7_h4a7cf45_openblas.conda
  size: 18716
  sha256: 081c850f99bc355821fac9c6e3727d40b3f8ce3beb50a5437cf03726b611ff39
  md5: 955b44e8b00b7f7ef4ce0130cef12394
- url: https://conda.anaconda.org/conda-forge/linux-64/openh264-1.8.0-hdbcaa40_1000.tar.bz2
  filename: openh264-1.8.0-hdbcaa40_1000.tar.bz2
  size: 1454919
  sha256: b180c51beb242a55255387a461775a976b1314884628d4597247d10a9e6b001d
  md5: 97b692fbec9cd3ae70021d43a18a0221
- url: https://conda.anaconda.org/conda-forge/linux-64/sqlite-3.46.0-h6d4b2fc_0.conda
  filename: sqlite-3.46.0-h6d4b2fc_0.conda
  size: 860352
  sha256: e849d576e52bf3e6fc5786f89b7d76978f2e2438587826c95570324cb572e52b
  md5: 77ea8dff5cf8550cc8f5629a6af56323
- url: https://conda.anaconda.org/conda-forge/linux-64/ffmpeg-4.2-h167e202_0.tar.bz2
  filename: ffmpeg-4.2-h167e202_0.tar.bz2
  size: 84133153
  sha256: 6f95af79c1ccf8c86d0758cf8a88f528f49eb5e959fb89818a324dc58c46dec4
  md5: dea30609f9e0565e370b2acd3aca0919
- url: https://conda.anaconda.org/conda-forge/linux-64/libcblas-3.11.0-7_h0358290_openblas.conda
  filename: libcblas-3.11.0-7_h0358290_openblas.conda
  size: 18675
  sha256: 956ae0bb1ec8b0c3663d75b151aceb0521b54e513bf97f621a035f9c87037970
  md5: 0675639dc24cb0032f199e7ff68e4633
- url: https://conda.anaconda.org/conda-forge/linux-64/liblapack-3.11.0-7_h47877c9_openblas.conda
  filename: liblapack-3.11.0-7_h47877c9_openblas.conda
  size: 18694
  sha256: 96962084921f197c9ad13fb7f8b324f2351d50ff3d8d962148751ad532f54a01
  md5: 6569b4f273740e25dc0dc7e3232c2a6c
- url: https://conda.anaconda.org/conda-forge/linux-64/python-3.7.12-hf930737_100_cpython.tar.bz2
  filename: python-3.7.12-hf930737_100_cpython.tar.bz2
  size: 60111491
  sha256: 7d8980562258f240e0f296afe46948eed9ab5034dfafec0079df08f51d27d45d
  md5: 416558a6f46b7a1fa8db7d0e98aff56a
- url: https://conda.anaconda.org/conda-forge/linux-64/llvmlite-0.39.1-py37h0761922_0.tar.bz2
  filename: llvmlite-0.39.1-py37h0761922_0.tar.bz2
  size: 2618340
  sha256: eb44ae095cd4c1531962d431c8096838cadeab3e6b7258b1ae82e8b75564e6ec
  md5: 2cc8a13a8174de20ae7cdf539de1a458
- url: https://conda.anaconda.org/conda-forge/noarch/packaging-23.2-pyhd8ed1ab_0.conda
  filename: packaging-23.2-pyhd8ed1ab_0.conda
  size: 49452
  sha256: 69b3ace6cca2dab9047b2c24926077d81d236bef45329d264b394001e3c3e52f
  md5: 79002079284aa895f883c6b7f3f88fd6
- url: https://conda.anaconda.org/conda-forge/noarch/python-dateutil-2.9.0-pyhd8ed1ab_0.conda
  filename: python-dateutil-2.9.0-pyhd8ed1ab_0.conda
  size: 222742
  sha256: f3ceef02ac164a8d3a080d0d32f8e2ebe10dd29e3a685d240e38b3599e146320
  md5: 2cf4264fffb9e6eff6031c5b6884d61c
- url: https://conda.anaconda.org/conda-forge/noarch/pytz-2024.2-pyhd8ed1ab_0.conda
  filename: pytz-2024.2-pyhd8ed1ab_0.conda
  size: 186995
  sha256: 81c16d9183bb4a6780366ce874e567ee5fc903722f85b2f8d1d9479ef1dafcc9
  md5: 260009d03c9d5c0f111904d851f053dc
- url: https://conda.anaconda.org/conda-forge/linux-64/thrift-0.11.0-py37he1b5a44_1001.tar.bz2
  filename: thrift-0.11.0-py37he1b5a44_1001.tar.bz2
  size: 111735
  sha256: f83152b1329204c3c7322d74c4105faae756cbc7157c87554572596619718115
  md5: 1f08650dac03544862c7083ea294ae80
- url: https://conda.anaconda.org/conda-forge/noarch/typing_extensions-4.7.1-pyha770c72_0.conda
  filename: typing_extensions-4.7.1-pyha770c72_0.conda
  size: 36321
  sha256: 6edd6d5be690be492712cb747b6d62707f0d0c34ef56eefc796d91e5a03187d1
  md5: c39d6a09fe819de4951c2642629d9115
- url: https://conda.anaconda.org/conda-forge/noarch/wheel-0.42.0-pyhd8ed1ab_0.conda
  filename: wheel-0.42.0-pyhd8ed1ab_0.conda
  size: 57553
  sha256: 80be0ccc815ce22f80c141013302839b0ed938a2edb50b846cf48d8a8c1cfa01
  md5: 1cdea58981c5cbc17b51973bcaddcea7
- url: https://conda.anaconda.org/conda-forge/noarch/zipp-3.15.0-pyhd8ed1ab_0.conda
  filename: zipp-3.15.0-pyhd8ed1ab_0.conda
  size: 17197
  sha256: 241de30545299be9bcea3addf8a2c22a3b3d4ba6730890e150ab690ac937a3d2
  md5: 13018819ca8f5b7cc675a8faf1f5fedf
- url: https://conda.anaconda.org/conda-forge/linux-64/importlib-metadata-4.11.4-py37h89c1867_0.tar.bz2
  filename: importlib-metadata-4.11.4-py37h89c1867_0.tar.bz2
  size: 33598
  sha256: f47fc54c788133fdc9e05d3393e4c3b1f322195929ebc02b00024dcef67646a6
  md5: 71107630527e4bd82932952351231efe
- url: https://conda.anaconda.org/conda-forge/noarch/pip-24.0-pyhd8ed1ab_0.conda
  filename: pip-24.0-pyhd8ed1ab_0.conda
  size: 1398245
  sha256: b7c1c5d8f13e8cb491c4bd1d0d1896a4cf80fc47de01059ad77509112b664a4a
  md5: f586ac1e56c8638b64f9c8122a7b8a67
- url: https://conda.anaconda.org/conda-forge/linux-64/numba-0.56.3-py37hf081915_0.tar.bz2
  filename: numba-0.56.3-py37hf081915_0.tar.bz2
  size: 4160372
  sha256: 35494ff17cdf1a30e0d260a062c060108fe3891aef39cbf157959d878958e56b
  md5: a36ee138a81a22a521726fcb806ccdda
- url: https://conda.anaconda.org/conda-forge/linux-64/fastparquet-0.4.1-py37h03ebfcd_0.tar.bz2
  filename: fastparquet-0.4.1-py37h03ebfcd_0.tar.bz2
  size: 5408581
  sha256: 31f8fe51abb93b46a7bce5e5d48f8f2c84001667b52a1b4b2120aed7c85cbe4a
  md5: c2c254b969e70145f9428c4cd9b403e8
