schema_version: 1
lock_id: moseq2-legacy-worker-inputs-v1
terms: https://moseq-data.s3.amazonaws.com/moseq2-test/v1/TERMS.md
notice: NOTICE.md
objects:
- id: baseline-wheel--moseq2-app
  kind: baseline-wheel
  filename: moseq2_app-1.3.1-py3-none-any.whl
  size: 87980
  sha256: 50aa2c3f65aafe2389743c2a80aa207440b496a8393d0a7d155e0dfb2bec8b87
  canonical_url: https://moseq-data.s3.amazonaws.com/moseq2-test/v1/worker-inputs/objects/sha256/50/50aa2c3f65aafe2389743c2a80aa207440b496a8393d0a7d155e0dfb2bec8b87/moseq2_app-1.3.1-py3-none-any.whl
  source_commit: 7be1af1f96d7873ff44d6ea5ae45262881d76f9f
  local_source: wheels/moseq2_app-1.3.1-py3-none-any.whl
- id: baseline-wheel--moseq2-extract
  kind: baseline-wheel
  filename: moseq2_extract-1.2.0-py3-none-any.whl
  size: 80199
  sha256: 18a0ac4c8322fe9b51fa0b9da377a00ba2a00609743632258a0eeae534249580
  canonical_url: https://moseq-data.s3.amazonaws.com/moseq2-test/v1/worker-inputs/objects/sha256/18/18a0ac4c8322fe9b51fa0b9da377a00ba2a00609743632258a0eeae534249580/moseq2_extract-1.2.0-py3-none-any.whl
  source_commit: 39a6f0f88d28fc311c8be96619ee9e53b14d3a96
  local_source: wheels/moseq2_extract-1.2.0-py3-none-any.whl
- id: baseline-wheel--moseq2-model
  kind: baseline-wheel
  filename: moseq2_model-1.2.0-py3-none-any.whl
  size: 40737
  sha256: 39ce268395ed6cdf8b44176bd138cec0dac35220d6a5d7046e50fb4d2b562a67
  canonical_url: https://moseq-data.s3.amazonaws.com/moseq2-test/v1/worker-inputs/objects/sha256/39/39ce268395ed6cdf8b44176bd138cec0dac35220d6a5d7046e50fb4d2b562a67/moseq2_model-1.2.0-py3-none-any.whl
  source_commit: c7c1e1f1ff22c8670bcf0d929d4ca3a12d53190d
  local_source: wheels/moseq2_model-1.2.0-py3-none-any.whl
- id: baseline-wheel--moseq2-pca
  kind: baseline-wheel
  filename: moseq2_pca-1.2.0-py3-none-any.whl
  size: 39393
  sha256: da69f8c4a4bc4e490a00215a1dfe7ab9a41db75dcd675c7cd8aaf0fe12bf4f34
  canonical_url: https://moseq-data.s3.amazonaws.com/moseq2-test/v1/worker-inputs/objects/sha256/da/da69f8c4a4bc4e490a00215a1dfe7ab9a41db75dcd675c7cd8aaf0fe12bf4f34/moseq2_pca-1.2.0-py3-none-any.whl
  source_commit: a7bdbe179084c5d366290cd04f4ab26ee8387aa0
  local_source: wheels/moseq2_pca-1.2.0-py3-none-any.whl
- id: baseline-wheel--moseq2-viz
  kind: baseline-wheel
  filename: moseq2_viz-1.3.0-py3-none-any.whl
  size: 101047
  sha256: 6083ffaad2d27301607a8b66397316f6824f00c605a75e87380b16b9482d9ec7
  canonical_url: https://moseq-data.s3.amazonaws.com/moseq2-test/v1/worker-inputs/objects/sha256/60/6083ffaad2d27301607a8b66397316f6824f00c605a75e87380b16b9482d9ec7/moseq2_viz-1.3.0-py3-none-any.whl
  source_commit: f571e0ac84cc26cd7f04ea5cf7478657894b02d8
  local_source: wheels/moseq2_viz-1.3.0-py3-none-any.whl
- id: baseline-wheel--pybasicbayes
  kind: baseline-wheel
  filename: pybasicbayes-0.2.4-cp37-cp37m-linux_x86_64.whl
  size: 709456
  sha256: ff2967416084d3a62367b9e47bc8d7061f99e1faa44856c4bdb829e6aa4dbe19
  canonical_url: https://moseq-data.s3.amazonaws.com/moseq2-test/v1/worker-inputs/objects/sha256/ff/ff2967416084d3a62367b9e47bc8d7061f99e1faa44856c4bdb829e6aa4dbe19/pybasicbayes-0.2.4-cp37-cp37m-linux_x86_64.whl
  source_commit: 61f65ad6c781288605ec5f7347efcc5dbd73c4fc
  local_source: wheels/pybasicbayes-0.2.4-cp37-cp37m-linux_x86_64.whl
- id: baseline-wheel--pyhsmm
  kind: baseline-wheel
  filename: pyhsmm-0.1.6-cp37-cp37m-linux_x86_64.whl
  size: 5868016
  sha256: 4a5fd4de73a42aa408cdb99b93f46980b04798e862a07ca8b8fb0881da42b6a3
  canonical_url: https://moseq-data.s3.amazonaws.com/moseq2-test/v1/worker-inputs/objects/sha256/4a/4a5fd4de73a42aa408cdb99b93f46980b04798e862a07ca8b8fb0881da42b6a3/pyhsmm-0.1.6-cp37-cp37m-linux_x86_64.whl
  source_commit: 4e739166746f92bfc968d281f2c1d31e3471409f
  local_source: wheels/pyhsmm-0.1.6-cp37-cp37m-linux_x86_64.whl
- id: baseline-wheel--pyhsmm-autoregressive
  kind: baseline-wheel
  filename: autoregressive-0.1.2-cp37-cp37m-linux_x86_64.whl
  size: 1734703
  sha256: c741f543d50bc72eec496ff95a6b7a5c6aed88524b5050b4e20b80a7786e65ac
  canonical_url: https://moseq-data.s3.amazonaws.com/moseq2-test/v1/worker-inputs/objects/sha256/c7/c741f543d50bc72eec496ff95a6b7a5c6aed88524b5050b4e20b80a7786e65ac/autoregressive-0.1.2-cp37-cp37m-linux_x86_64.whl
  source_commit: 2a4c73c08dcda959b9bac2f03a2b976dabbc37af
  local_source: wheels/autoregressive-0.1.2-cp37-cp37m-linux_x86_64.whl
- id: custom-wheel--chest
  kind: custom-wheel
  filename: chest-0.2.3-py3-none-any.whl
  size: 7612
  sha256: 2b1e62c6eeb2118a74cbccbc7963e6e87ff326499d8eafa6efc4c4af3bf19336
  canonical_url: https://moseq-data.s3.amazonaws.com/moseq2-test/v1/worker-inputs/objects/sha256/2b/2b1e62c6eeb2118a74cbccbc7963e6e87ff326499d8eafa6efc4c4af3bf19336/chest-0.2.3-py3-none-any.whl
  source_artifact_url: https://files.pythonhosted.org/packages/18/66/b883b9a26cd2f777dd04b7eedc842d31ea1567b7709b049d46eca418501e/chest-0.2.3.tar.gz
  source_artifact_sha256: f2d1030d4720fd4c0cb258c3383d4bab764cfe441bab1366a0d186b0baf4f4d6
  local_source: legacy_custom_wheels/chest-0.2.3-py3-none-any.whl
- id: custom-wheel--cytoolz
  kind: custom-wheel
  filename: cytoolz-0.10.1-cp37-cp37m-linux_x86_64.whl
  size: 1644117
  sha256: a8e95ed33f6a6dc0a65dfd09a8ea7766d2528f693572c7a99641468e0a86bb49
  canonical_url: https://moseq-data.s3.amazonaws.com/moseq2-test/v1/worker-inputs/objects/sha256/a8/a8e95ed33f6a6dc0a65dfd09a8ea7766d2528f693572c7a99641468e0a86bb49/cytoolz-0.10.1-cp37-cp37m-linux_x86_64.whl
  source_artifact_url: https://files.pythonhosted.org/packages/62/b1/7f16703fe4a497879b1b457adf1e472fad2d4f030477698b16d2febf38bb/cytoolz-0.10.1.tar.gz
  source_artifact_sha256: 82f5bba81d73a5a6b06f2a3553ff9003d865952fcb32e1df192378dd944d8a5c
  local_source: legacy_custom_wheels/cytoolz-0.10.1-cp37-cp37m-linux_x86_64.whl
- id: custom-wheel--dtaidistance
  kind: custom-wheel
  filename: dtaidistance-1.2.3-cp37-cp37m-linux_x86_64.whl
  size: 822367
  sha256: b81cb9116357a9e8ab3ff3180813d8eeb5d2f5aec33d0c8e1b28fea4d1c8ad4c
  canonical_url: https://moseq-data.s3.amazonaws.com/moseq2-test/v1/worker-inputs/objects/sha256/b8/b81cb9116357a9e8ab3ff3180813d8eeb5d2f5aec33d0c8e1b28fea4d1c8ad4c/dtaidistance-1.2.3-cp37-cp37m-linux_x86_64.whl
  source_artifact_url: https://files.pythonhosted.org/packages/51/d3/9202738edfeb728face004debad59efe9690a44ac8d8494b96b9dc541359/dtaidistance-1.2.3.tar.gz
  source_artifact_sha256: 3db7082c44d04d7a1b3ed01605911e32b3072a1a46669f409515b24976372d88
  local_source: legacy_custom_wheels/dtaidistance-1.2.3-cp37-cp37m-linux_x86_64.whl
- id: custom-wheel--future
  kind: custom-wheel
  filename: future-0.18.2-py3-none-any.whl
  size: 491058
  sha256: 06102d4001746b711e42b5143cf685fe34763b67deca8a6c3d329074451814e2
  canonical_url: https://moseq-data.s3.amazonaws.com/moseq2-test/v1/worker-inputs/objects/sha256/06/06102d4001746b711e42b5143cf685fe34763b67deca8a6c3d329074451814e2/future-0.18.2-py3-none-any.whl
  source_artifact_url: https://files.pythonhosted.org/packages/45/0b/38b06fd9b92dc2b68d58b75f900e97884c45bedd2ff83203d933cf5851c9/future-0.18.2.tar.gz
  source_artifact_sha256: b1bead90b70cf6ec3f0710ae53a525360fa360d306a86583adc6bf83a4db537d
  local_source: legacy_custom_wheels/future-0.18.2-py3-none-any.whl
- id: custom-wheel--jupyter-bokeh
  kind: custom-wheel
  filename: jupyter_bokeh-2.0.3-py3-none-any.whl
  size: 2058768
  sha256: 5232962ab450176357092da33f5253e9b85d4a8956266c76e5258fa393a1dc63
  canonical_url: https://moseq-data.s3.amazonaws.com/moseq2-test/v1/worker-inputs/objects/sha256/52/5232962ab450176357092da33f5253e9b85d4a8956266c76e5258fa393a1dc63/jupyter_bokeh-2.0.3-py3-none-any.whl
  source_artifact_url: https://files.pythonhosted.org/packages/53/25/178b6b8578249b5f9b17af8859364bc2ebd9c5ef25993a3ed6693ba9f260/jupyter_bokeh-2.0.3.tar.gz
  source_artifact_sha256: cfa5ef5b69976461b83fac0371fd3a231dacd6332592c405a72b59d4dc6ab3ef
  local_source: legacy_custom_wheels/jupyter_bokeh-2.0.3-py3-none-any.whl
- id: custom-wheel--jupyter-contrib-core
  kind: custom-wheel
  filename: jupyter_contrib_core-0.4.2-py2.py3-none-any.whl
  size: 17483
  sha256: ed43ab8af0c598f1aa99cc9392bbce723de2c2fb1bf6eb486d6fa34310540155
  canonical_url: https://moseq-data.s3.amazonaws.com/moseq2-test/v1/worker-inputs/objects/sha256/ed/ed43ab8af0c598f1aa99cc9392bbce723de2c2fb1bf6eb486d6fa34310540155/jupyter_contrib_core-0.4.2-py2.py3-none-any.whl
  source_artifact_url: https://files.pythonhosted.org/packages/50/94/0d37e5b49ea1c8bf204c46f9b0257c1f3319a4ab88acbd401da2cab25e55/jupyter_contrib_core-0.4.2.tar.gz
  source_artifact_sha256: 1887212f3ca9d4487d624c0705c20dfdf03d5a0b9ea2557d3aaeeb4c38bdcabb
  local_source: legacy_custom_wheels/jupyter_contrib_core-0.4.2-py2.py3-none-any.whl
- id: custom-wheel--pathspec
  kind: custom-wheel
  filename: pathspec-0.5.3-py3-none-any.whl
  size: 23746
  sha256: 72774321450abac41fce17aa279d7bc975edeab36eac18193ab04a3ee218330c
  canonical_url: https://moseq-data.s3.amazonaws.com/moseq2-test/v1/worker-inputs/objects/sha256/72/72774321450abac41fce17aa279d7bc975edeab36eac18193ab04a3ee218330c/pathspec-0.5.3-py3-none-any.whl
  source_artifact_url: https://files.pythonhosted.org/packages/a5/92/078512f5fe85300b97281210a9d38c970dde2dd7109a2b6dddd8252d9a3f/pathspec-0.5.3.tar.gz
  source_artifact_sha256: 54478a66a360f4ebe4499c9235e4206fca5dec837b8e272d1ce37e0a626cc64d
  local_source: legacy_custom_wheels/pathspec-0.5.3-py3-none-any.whl
- id: custom-wheel--psutil
  kind: custom-wheel
  filename: psutil-5.6.7-cp37-cp37m-linux_x86_64.whl
  size: 262544
  sha256: 2674b223f3a121a0792a5eac6d52e13c64d02e7d7abf451ad6c3d770a509fe1a
  canonical_url: https://moseq-data.s3.amazonaws.com/moseq2-test/v1/worker-inputs/objects/sha256/26/2674b223f3a121a0792a5eac6d52e13c64d02e7d7abf451ad6c3d770a509fe1a/psutil-5.6.7-cp37-cp37m-linux_x86_64.whl
  source_artifact_url: https://files.pythonhosted.org/packages/73/93/4f8213fbe66fc20cb904f35e6e04e20b47b85bee39845cc66a0bcf5ccdcb/psutil-5.6.7.tar.gz
  source_artifact_sha256: ffad8eb2ac614518bbe3c0b8eb9dffdb3a8d2e3a7d5da51c5b974fb723a5c5aa
  local_source: legacy_custom_wheels/psutil-5.6.7-cp37-cp37m-linux_x86_64.whl
- id: custom-wheel--qgrid
  kind: custom-wheel
  filename: qgrid-1.3.1-py2.py3-none-any.whl
  size: 1761253
  sha256: d072699721d9d5118470e29448f7e34c68b0ebcf4bbbb66b056f9112fb2176f4
  canonical_url: https://moseq-data.s3.amazonaws.com/moseq2-test/v1/worker-inputs/objects/sha256/d0/d072699721d9d5118470e29448f7e34c68b0ebcf4bbbb66b056f9112fb2176f4/qgrid-1.3.1-py2.py3-none-any.whl
  source_artifact_url: https://files.pythonhosted.org/packages/b2/7a/e487610fea3eb5798a9c8ed988363dcb50904c15b299d26fe175c3cc977a/qgrid-1.3.1.tar.gz
  source_artifact_sha256: fe8af5b50833084dc0b6a265cd1ac7b837c03c0f8521150163560dce778d711c
  local_source: legacy_custom_wheels/qgrid-1.3.1-py2.py3-none-any.whl
- id: external-source--eigen-3.3.7
  kind: external-source
  filename: eigen-3.3.7.tar.gz
  size: 2133662
  sha256: d56fbad95abf993f8af608484729e3d87ef611dd85b3380a8bad1d5cbc373a57
  canonical_url: https://gitlab.com/libeigen/eigen/-/archive/3.3.7/eigen-3.3.7.tar.gz
  local_source: external_sources/eigen-3.3.7.tar.gz
- id: external-source--git-2.43.0
  kind: external-source
  filename: git-2.43.0.tar.gz
  size: 10952198
  sha256: ed238f5c72a014f238cc49fe7df4c6883732a3881111b381c105e2c5be77302f
  canonical_url: https://mirrors.edge.kernel.org/pub/software/scm/git/git-2.43.0.tar.gz
  local_source: external_sources/git-2.43.0.tar.gz
- id: sdist--moseq2-app
  kind: sdist
  filename: moseq2-app-1.3.1.tar.gz
  size: 76559
  sha256: 3c58bda10f5cd866cbde2f6390a7d0ad982adbaf32879196f733a6055af1729c
  canonical_url: https://moseq-data.s3.amazonaws.com/moseq2-test/v1/worker-inputs/objects/sha256/3c/3c58bda10f5cd866cbde2f6390a7d0ad982adbaf32879196f733a6055af1729c/moseq2-app-1.3.1.tar.gz
  source_commit: 7be1af1f96d7873ff44d6ea5ae45262881d76f9f
  local_source: sdists/moseq2-app-1.3.1.tar.gz
- id: sdist--moseq2-extract
  kind: sdist
  filename: moseq2-extract-1.2.0.tar.gz
  size: 68044
  sha256: 36a3e20ff114ca224d9766f6d74f3571a842e386e955af886702b21b91f2a152
  canonical_url: https://moseq-data.s3.amazonaws.com/moseq2-test/v1/worker-inputs/objects/sha256/36/36a3e20ff114ca224d9766f6d74f3571a842e386e955af886702b21b91f2a152/moseq2-extract-1.2.0.tar.gz
  source_commit: 39a6f0f88d28fc311c8be96619ee9e53b14d3a96
  local_source: sdists/moseq2-extract-1.2.0.tar.gz
- id: sdist--moseq2-model
  kind: sdist
  filename: moseq2_model-1.2.0.tar.gz
  size: 34201
  sha256: 1e305f5c457da3e0765622b62d20e95aea45c42c4836c0f5e0bc47c64275bc75
  canonical_url: https://moseq-data.s3.amazonaws.com/moseq2-test/v1/worker-inputs/objects/sha256/1e/1e305f5c457da3e0765622b62d20e95aea45c42c4836c0f5e0bc47c64275bc75/moseq2_model-1.2.0.tar.gz
  source_commit: c7c1e1f1ff22c8670bcf0d929d4ca3a12d53190d
  local_source: sdists/moseq2_model-1.2.0.tar.gz
- id: sdist--moseq2-pca
  kind: sdist
  filename: moseq2-pca-1.2.0.tar.gz
  size: 33645
  sha256: 495907ce141038236c78c5ee9419f0dadc7e98aa84cf62fa170a0308c826d093
  canonical_url: https://moseq-data.s3.amazonaws.com/moseq2-test/v1/worker-inputs/objects/sha256/49/495907ce141038236c78c5ee9419f0dadc7e98aa84cf62fa170a0308c826d093/moseq2-pca-1.2.0.tar.gz
  source_commit: a7bdbe179084c5d366290cd04f4ab26ee8387aa0
  local_source: sdists/moseq2-pca-1.2.0.tar.gz
- id: sdist--moseq2-viz
  kind: sdist
  filename: moseq2-viz-1.3.0.tar.gz
  size: 87285
  sha256: 5c02f41be328e8e5ffc270868564f876c34663446954fa196b548a856acc308a
  canonical_url: https://moseq-data.s3.amazonaws.com/moseq2-test/v1/worker-inputs/objects/sha256/5c/5c02f41be328e8e5ffc270868564f876c34663446954fa196b548a856acc308a/moseq2-viz-1.3.0.tar.gz
  source_commit: f571e0ac84cc26cd7f04ea5cf7478657894b02d8
  local_source: sdists/moseq2-viz-1.3.0.tar.gz
- id: sdist--pybasicbayes
  kind: sdist
  filename: pybasicbayes-0.2.4.tar.gz
  size: 224715
  sha256: 3000d9d3b1deedf9ae00f98dfc3a8113697d93e8b3a69b2204c5b6b019141ea8
  canonical_url: https://moseq-data.s3.amazonaws.com/moseq2-test/v1/worker-inputs/objects/sha256/30/3000d9d3b1deedf9ae00f98dfc3a8113697d93e8b3a69b2204c5b6b019141ea8/pybasicbayes-0.2.4.tar.gz
  source_commit: 61f65ad6c781288605ec5f7347efcc5dbd73c4fc
  local_source: sdists/pybasicbayes-0.2.4.tar.gz
- id: sdist--pyhsmm
  kind: sdist
  filename: pyhsmm-0.1.6.tar.gz
  size: 530407
  sha256: 3c5cb9eb8cfbc2960a223e9009acc5fe99c226a5469e9a34e05d9edd605dc7ff
  canonical_url: https://moseq-data.s3.amazonaws.com/moseq2-test/v1/worker-inputs/objects/sha256/3c/3c5cb9eb8cfbc2960a223e9009acc5fe99c226a5469e9a34e05d9edd605dc7ff/pyhsmm-0.1.6.tar.gz
  source_commit: 4e739166746f92bfc968d281f2c1d31e3471409f
  local_source: sdists/pyhsmm-0.1.6.tar.gz
- id: sdist--pyhsmm-autoregressive
  kind: sdist
  filename: autoregressive-0.1.2.tar.gz
  size: 160421
  sha256: 9c6d2b27a119860afd5f9234194cbec275b57e93f2aac5a69e9503c7ef61e50d
  canonical_url: https://moseq-data.s3.amazonaws.com/moseq2-test/v1/worker-inputs/objects/sha256/9c/9c6d2b27a119860afd5f9234194cbec275b57e93f2aac5a69e9503c7ef61e50d/autoregressive-0.1.2.tar.gz
  source_commit: 2a4c73c08dcda959b9bac2f03a2b976dabbc37af
  local_source: sdists/autoregressive-0.1.2.tar.gz
- id: source-archive--moseq2-app
  kind: source-archive
  filename: moseq2-app.tar.gz
  size: 45308209
  sha256: 9046510f1f93888d82b5a20680097fa1e93eb9314ce33bfceb74fe5dfff9005b
  canonical_url: https://moseq-data.s3.amazonaws.com/moseq2-test/v1/worker-inputs/objects/sha256/90/9046510f1f93888d82b5a20680097fa1e93eb9314ce33bfceb74fe5dfff9005b/moseq2-app.tar.gz
  source_commit: 7be1af1f96d7873ff44d6ea5ae45262881d76f9f
  local_source: source_archives/moseq2-app.tar.gz
- id: source-archive--moseq2-extract
  kind: source-archive
  filename: moseq2-extract.tar.gz
  size: 2910569
  sha256: cbfa9f8f5210f73158a5151915ed93947bcef94e5afc3dc0b561834f5af6d54f
  canonical_url: https://moseq-data.s3.amazonaws.com/moseq2-test/v1/worker-inputs/objects/sha256/cb/cbfa9f8f5210f73158a5151915ed93947bcef94e5afc3dc0b561834f5af6d54f/moseq2-extract.tar.gz
  source_commit: 39a6f0f88d28fc311c8be96619ee9e53b14d3a96
  local_source: source_archives/moseq2-extract.tar.gz
- id: source-archive--moseq2-model
  kind: source-archive
  filename: moseq2-model.tar.gz
  size: 74080
  sha256: ab4db337ca5897930f7e4203c5650fcb2dc5976d2557225fcb0b6d560a43fcdc
  canonical_url: https://moseq-data.s3.amazonaws.com/moseq2-test/v1/worker-inputs/objects/sha256/ab/ab4db337ca5897930f7e4203c5650fcb2dc5976d2557225fcb0b6d560a43fcdc/moseq2-model.tar.gz
  source_commit: c7c1e1f1ff22c8670bcf0d929d4ca3a12d53190d
  local_source: source_archives/moseq2-model.tar.gz
- id: source-archive--moseq2-pca
  kind: source-archive
  filename: moseq2-pca.tar.gz
  size: 344769
  sha256: 3d5f39910ba4434df7c1af0899d87463a9d5274278b7399e72e0a94876060115
  canonical_url: https://moseq-data.s3.amazonaws.com/moseq2-test/v1/worker-inputs/objects/sha256/3d/3d5f39910ba4434df7c1af0899d87463a9d5274278b7399e72e0a94876060115/moseq2-pca.tar.gz
  source_commit: a7bdbe179084c5d366290cd04f4ab26ee8387aa0
  local_source: source_archives/moseq2-pca.tar.gz
- id: source-archive--moseq2-viz
  kind: source-archive
  filename: moseq2-viz.tar.gz
  size: 4151016
  sha256: 28014697e785fc3f9a97a8193e79481a34e475b49b3ef5872ff781fe9df9e02a
  canonical_url: https://moseq-data.s3.amazonaws.com/moseq2-test/v1/worker-inputs/objects/sha256/28/28014697e785fc3f9a97a8193e79481a34e475b49b3ef5872ff781fe9df9e02a/moseq2-viz.tar.gz
  source_commit: f571e0ac84cc26cd7f04ea5cf7478657894b02d8
  local_source: source_archives/moseq2-viz.tar.gz
- id: source-archive--pybasicbayes
  kind: source-archive
  filename: pybasicbayes.tar.gz
  size: 153253
  sha256: 610d495972c6402a991c6e447712214dec0b145f36b71ac5155290cb0cf5f870
  canonical_url: https://moseq-data.s3.amazonaws.com/moseq2-test/v1/worker-inputs/objects/sha256/61/610d495972c6402a991c6e447712214dec0b145f36b71ac5155290cb0cf5f870/pybasicbayes.tar.gz
  source_commit: 61f65ad6c781288605ec5f7347efcc5dbd73c4fc
  local_source: source_archives/pybasicbayes.tar.gz
- id: source-archive--pyhsmm
  kind: source-archive
  filename: pyhsmm.tar.gz
  size: 1252055
  sha256: 9f1e33c72233341c733b77ca3d7668d20c74ad86591df3b50ecc68a6cc2c8593
  canonical_url: https://moseq-data.s3.amazonaws.com/moseq2-test/v1/worker-inputs/objects/sha256/9f/9f1e33c72233341c733b77ca3d7668d20c74ad86591df3b50ecc68a6cc2c8593/pyhsmm.tar.gz
  source_commit: 4e739166746f92bfc968d281f2c1d31e3471409f
  local_source: source_archives/pyhsmm.tar.gz
- id: source-archive--pyhsmm-autoregressive
  kind: source-archive
  filename: pyhsmm-autoregressive.tar.gz
  size: 16068
  sha256: 2ed0a8d3ae3502116672b69f7baa47d16397955524e56f7b55beb011f0c3c3cb
  canonical_url: https://moseq-data.s3.amazonaws.com/moseq2-test/v1/worker-inputs/objects/sha256/2e/2ed0a8d3ae3502116672b69f7baa47d16397955524e56f7b55beb011f0c3c3cb/pyhsmm-autoregressive.tar.gz
  source_commit: 2a4c73c08dcda959b9bac2f03a2b976dabbc37af
  local_source: source_archives/pyhsmm-autoregressive.tar.gz
- id: test-tool-wheel--coverage
  kind: test-tool-wheel
  filename: coverage-5.5-cp37-cp37m-manylinux2010_x86_64.whl
  size: 242230
  sha256: 53194af30d5bad77fcba80e23a1441c71abfb3e01192034f8246e0d8f99528f3
  canonical_url: https://files.pythonhosted.org/packages/16/e0/fc9f7bd9b84e6b41d0aad1a113e36714aac0c0a9b307aca5f9af443bc50f/coverage-5.5-cp37-cp37m-manylinux2010_x86_64.whl
  local_source: test_tool_wheels/coverage-5.5-cp37-cp37m-manylinux2010_x86_64.whl
- id: test-tool-wheel--more-itertools
  kind: test-tool-wheel
  filename: more_itertools-8.14.0-py3-none-any.whl
  size: 52193
  sha256: 1bc4f91ee5b1b31ac7ceacc17c09befe6a40a503907baf9c839c229b5095cfd2
  canonical_url: https://files.pythonhosted.org/packages/0b/ff/1ad78678bee731ae5414ea5e97396b3f91de32186028daa614d322ac5a8b/more_itertools-8.14.0-py3-none-any.whl
  local_source: test_tool_wheels/more_itertools-8.14.0-py3-none-any.whl
- id: test-tool-wheel--pluggy
  kind: test-tool-wheel
  filename: pluggy-0.13.1-py2.py3-none-any.whl
  size: 18077
  sha256: 966c145cd83c96502c3c3868f50408687b38434af77734af1e9ca461a4081d2d
  canonical_url: https://files.pythonhosted.org/packages/a0/28/85c7aa31b80d150b772fbe4a229487bc6644da9ccb7e427dd8cc60cb8a62/pluggy-0.13.1-py2.py3-none-any.whl
  local_source: test_tool_wheels/pluggy-0.13.1-py2.py3-none-any.whl
- id: test-tool-wheel--py
  kind: test-tool-wheel
  filename: py-1.11.0-py2.py3-none-any.whl
  size: 98708
  sha256: 607c53218732647dff4acdfcd50cb62615cedf612e72d1724fb1a0cc6405b378
  canonical_url: https://files.pythonhosted.org/packages/f6/f0/10642828a8dfb741e5f3fbaac830550a518a775c7fff6f04a007259b0548/py-1.11.0-py2.py3-none-any.whl
  local_source: test_tool_wheels/py-1.11.0-py2.py3-none-any.whl
- id: test-tool-wheel--pytest
  kind: test-tool-wheel
  filename: pytest-5.4.1-py3-none-any.whl
  size: 246740
  sha256: 0e5b30f5cb04e887b91b1ee519fa3d89049595f428c1db76e73bd7f17b09b172
  canonical_url: https://files.pythonhosted.org/packages/c7/e2/c19c667f42f72716a7d03e8dd4d6f63f47d39feadd44cc1ee7ca3089862c/pytest-5.4.1-py3-none-any.whl
  local_source: test_tool_wheels/pytest-5.4.1-py3-none-any.whl
- id: test-tool-wheel--pytest-cov
  kind: test-tool-wheel
  filename: pytest_cov-2.5.1-py2.py3-none-any.whl
  size: 21222
  sha256: 890fe5565400902b0c78b5357004aab1c814115894f4f21370e2433256a3eeec
  canonical_url: https://files.pythonhosted.org/packages/30/7d/7f6a78ae44a1248ee28cc777586c18b28a1df903470e5d34a6e25712b8aa/pytest_cov-2.5.1-py2.py3-none-any.whl
  local_source: test_tool_wheels/pytest_cov-2.5.1-py2.py3-none-any.whl
